// !$*UTF8*$!
{
	archiveVersion = 1;
	classes = {
	};
	objectVersion = 46;
	objects = {

/* Begin PBXBuildFile section */
		50D16BCF1B88020600435D57 /* AppDelegate.swift in Sources */ = {isa = PBXBuildFile; fileRef = 50D16BCE1B88020600435D57 /* AppDelegate.swift */; };
		50D16BD11B88020600435D57 /* ViewController.swift in Sources */ = {isa = PBXBuildFile; fileRef = 50D16BD01B88020600435D57 /* ViewController.swift */; };
		50D16BD41B88020600435D57 /* Main.storyboard in Resources */ = {isa = PBXBuildFile; fileRef = 50D16BD21B88020600435D57 /* Main.storyboard */; };
		50D16BD61B88020600435D57 /* Assets.xcassets in Resources */ = {isa = PBXBuildFile; fileRef = 50D16BD51B88020600435D57 /* Assets.xcassets */; };
		50D16BD91B88020600435D57 /* LaunchScreen.storyboard in Resources */ = {isa = PBXBuildFile; fileRef = 50D16BD71B88020600435D57 /* LaunchScreen.storyboard */; };
		50D16BE41B88020600435D57 /* ModeTestTests.swift in Sources */ = {isa = PBXBuildFile; fileRef = 50D16BE31B88020600435D57 /* ModeTestTests.swift */; };
		50D16BEF1B88020600435D57 /* ModeTestUITests.swift in Sources */ = {isa = PBXBuildFile; fileRef = 50D16BEE1B88020600435D57 /* ModeTestUITests.swift */; };
		50D16BFD1B88033400435D57 /* lion.png in Resources */ = {isa = PBXBuildFile; fileRef = 50D16BFC1B88033400435D57 /* lion.png */; };
		50D16C011B8808C400435D57 /* mouse.png in Resources */ = {isa = PBXBuildFile; fileRef = 50D16C001B8808C400435D57 /* mouse.png */; };
/* End PBXBuildFile section */

/* Begin PBXContainerItemProxy section */
		50D16BE01B88020600435D57 /* PBXContainerItemProxy */ = {
			isa = PBXContainerItemProxy;
			containerPortal = 50D16BC31B88020500435D57 /* Project object */;
			proxyType = 1;
			remoteGlobalIDString = 50D16BCA1B88020500435D57;
			remoteInfo = ModeTest;
		};
		50D16BEB1B88020600435D57 /* PBXContainerItemProxy */ = {
			isa = PBXContainerItemProxy;
			containerPortal = 50D16BC31B88020500435D57 /* Project object */;
			proxyType = 1;
			remoteGlobalIDString = 50D16BCA1B88020500435D57;
			remoteInfo = ModeTest;
		};
/* End PBXContainerItemProxy section */

/* Begin PBXFileReference section */
		50D16BCB1B88020500435D57 /* ModeTest.app */ = {isa = PBXFileReference; explicitFileType = wrapper.application; includeInIndex = 0; path = ModeTest.app; sourceTree = BUILT_PRODUCTS_DIR; };
		50D16BCE1B88020600435D57 /* AppDelegate.swift */ = {isa = PBXFileReference; lastKnownFileType = sourcecode.swift; path = AppDelegate.swift; sourceTree = "<group>"; };
		50D16BD01B88020600435D57 /* ViewController.swift */ = {isa = PBXFileReference; lastKnownFileType = sourcecode.swift; path = ViewController.swift; sourceTree = "<group>"; };
		50D16BD31B88020600435D57 /* Base */ = {isa = PBXFileReference; lastKnownFileType = file.storyboard; name = Base; path = Base.lproj/Main.storyboard; sourceTree = "<group>"; };
		50D16BD51B88020600435D57 /* Assets.xcassets */ = {isa = PBXFileReference; lastKnownFileType = folder.assetcatalog; path = Assets.xcassets; sourceTree = "<group>"; };
		50D16BD81B88020600435D57 /* Base */ = {isa = PBXFileReference; lastKnownFileType = file.storyboard; name = Base; path = Base.lproj/LaunchScreen.storyboard; sourceTree = "<group>"; };
		50D16BDA1B88020600435D57 /* Info.plist */ = {isa = PBXFileReference; lastKnownFileType = text.plist.xml; path = Info.plist; sourceTree = "<group>"; };
		50D16BDF1B88020600435D57 /* ModeTestTests.xctest */ = {isa = PBXFileReference; explicitFileType = wrapper.cfbundle; includeInIndex = 0; path = ModeTestTests.xctest; sourceTree = BUILT_PRODUCTS_DIR; };
		50D16BE31B88020600435D57 /* ModeTestTests.swift */ = {isa = PBXFileReference; lastKnownFileType = sourcecode.swift; path = ModeTestTests.swift; sourceTree = "<group>"; };
		50D16BE51B88020600435D57 /* Info.plist */ = {isa = PBXFileReference; lastKnownFileType = text.plist.xml; path = Info.plist; sourceTree = "<group>"; };
		50D16BEA1B88020600435D57 /* ModeTestUITests.xctest */ = {isa = PBXFileReference; explicitFileType = wrapper.cfbundle; includeInIndex = 0; path = ModeTestUITests.xctest; sourceTree = BUILT_PRODUCTS_DIR; };
		50D16BEE1B88020600435D57 /* ModeTestUITests.swift */ = {isa = PBXFileReference; lastKnownFileType = sourcecode.swift; path = ModeTestUITests.swift; sourceTree = "<group>"; };
		50D16BF01B88020600435D57 /* Info.plist */ = {isa = PBXFileReference; lastKnownFileType = text.plist.xml; path = Info.plist; sourceTree = "<group>"; };
		50D16BFC1B88033400435D57 /* lion.png */ = {isa = PBXFileReference; lastKnownFileType = image.png; path = lion.png; sourceTree = "<group>"; };
		50D16C001B8808C400435D57 /* mouse.png */ = {isa = PBXFileReference; lastKnownFileType = image.png; path = mouse.png; sourceTree = "<group>"; };
/* End PBXFileReference section */

/* Begin PBXFrameworksBuildPhase section */
		50D16BC81B88020500435D57 /* Frameworks */ = {
			isa = PBXFrameworksBuildPhase;
			buildActionMask = 2147483647;
			files = (
			);
			runOnlyForDeploymentPostprocessing = 0;
		};
		50D16BDC1B88020600435D57 /* Frameworks */ = {
			isa = PBXFrameworksBuildPhase;
			buildActionMask = 2147483647;
			files = (
			);
			runOnlyForDeploymentPostprocessing = 0;
		};
		50D16BE71B88020600435D57 /* Frameworks */ = {
			isa = PBXFrameworksBuildPhase;
			buildActionMask = 2147483647;
			files = (
			);
			runOnlyForDeploymentPostprocessing = 0;
		};
/* End PBXFrameworksBuildPhase section */

/* Begin PBXGroup section */
		50D16BC21B88020500435D57 = {
			isa = PBXGroup;
			children = (
				50D16BCD1B88020600435D57 /* ModeTest */,
				50D16BE21B88020600435D57 /* ModeTestTests */,
				50D16BED1B88020600435D57 /* ModeTestUITests */,
				50D16BCC1B88020500435D57 /* Products */,
			);
			sourceTree = "<group>";
		};
		50D16BCC1B88020500435D57 /* Products */ = {
			isa = PBXGroup;
			children = (
				50D16BCB1B88020500435D57 /* ModeTest.app */,
				50D16BDF1B88020600435D57 /* ModeTestTests.xctest */,
				50D16BEA1B88020600435D57 /* ModeTestUITests.xctest */,
			);
			name = Products;
			sourceTree = "<group>";
		};
		50D16BCD1B88020600435D57 /* ModeTest */ = {
			isa = PBXGroup;
			children = (
				50D16BCE1B88020600435D57 /* AppDelegate.swift */,
				50D16BD01B88020600435D57 /* ViewController.swift */,
				50D16BD21B88020600435D57 /* Main.storyboard */,
				50D16BFC1B88033400435D57 /* lion.png */,
				50D16C001B8808C400435D57 /* mouse.png */,
				50D16BD51B88020600435D57 /* Assets.xcassets */,
				50D16BD71B88020600435D57 /* LaunchScreen.storyboard */,
				50D16BDA1B88020600435D57 /* Info.plist */,
			);
			path = ModeTest;
			sourceTree = "<group>";
		};
		50D16BE21B88020600435D57 /* ModeTestTests */ = {
			isa = PBXGroup;
			children = (
				50D16BE31B88020600435D57 /* ModeTestTests.swift */,
				50D16BE51B88020600435D57 /* Info.plist */,
			);
			path = ModeTestTests;
			sourceTree = "<group>";
		};
		50D16BED1B88020600435D57 /* ModeTestUITests */ = {
			isa = PBXGroup;
			children = (
				50D16BEE1B88020600435D57 /* ModeTestUITests.swift */,
				50D16BF01B88020600435D57 /* Info.plist */,
			);
			path = ModeTestUITests;
			sourceTree = "<group>";
		};
/* End PBXGroup section */

/* Begin PBXNativeTarget section */
		50D16BCA1B88020500435D57 /* ModeTest */ = {
			isa = PBXNativeTarget;
			buildConfigurationList = 50D16BF31B88020600435D57 /* Build configuration list for PBXNativeTarget "ModeTest" */;
			buildPhases = (
				50D16BC71B88020500435D57 /* Sources */,
				50D16BC81B88020500435D57 /* Frameworks */,
				50D16BC91B88020500435D57 /* Resources */,
			);
			buildRules = (
			);
			dependencies = (
			);
			name = ModeTest;
			productName = ModeTest;
			productReference = 50D16BCB1B88020500435D57 /* ModeTest.app */;
			productType = "com.apple.product-type.application";
		};
		50D16BDE1B88020600435D57 /* ModeTestTests */ = {
			isa = PBXNativeTarget;
			buildConfigurationList = 50D16BF61B88020600435D57 /* Build configuration list for PBXNativeTarget "ModeTestTests" */;
			buildPhases = (
				50D16BDB1B88020600435D57 /* Sources */,
				50D16BDC1B88020600435D57 /* Frameworks */,
				50D16BDD1B88020600435D57 /* Resources */,
			);
			buildRules = (
			);
			dependencies = (
				50D16BE11B88020600435D57 /* PBXTargetDependency */,
			);
			name = ModeTestTests;
			productName = ModeTestTests;
			productReference = 50D16BDF1B88020600435D57 /* ModeTestTests.xctest */;
			productType = "com.apple.product-type.bundle.unit-test";
		};
		50D16BE91B88020600435D57 /* ModeTestUITests */ = {
			isa = PBXNativeTarget;
			buildConfigurationList = 50D16BF91B88020600435D57 /* Build configuration list for PBXNativeTarget "ModeTestUITests" */;
			buildPhases = (
				50D16BE61B88020600435D57 /* Sources */,
				50D16BE71B88020600435D57 /* Frameworks */,
				50D16BE81B88020600435D57 /* Resources */,
			);
			buildRules = (
			);
			dependencies = (
				50D16BEC1B88020600435D57 /* PBXTargetDependency */,
			);
			name = ModeTestUITests;
			productName = ModeTestUITests;
			productReference = 50D16BEA1B88020600435D57 /* ModeTestUITests.xctest */;
			productType = "com.apple.product-type.bundle.ui-testing";
		};
/* End PBXNativeTarget section */

/* Begin PBXProject section */
		50D16BC31B88020500435D57 /* Project object */ = {
			isa = PBXProject;
			attributes = {
				LastUpgradeCheck = 0700;
				ORGANIZATIONNAME = Suragch;
				TargetAttributes = {
					50D16BCA1B88020500435D57 = {
						CreatedOnToolsVersion = 7.0;
						DevelopmentTeam = 6W926R56AA;
					};
					50D16BDE1B88020600435D57 = {
						CreatedOnToolsVersion = 7.0;
						DevelopmentTeam = 6W926R56AA;
						TestTargetID = 50D16BCA1B88020500435D57;
					};
					50D16BE91B88020600435D57 = {
						CreatedOnToolsVersion = 7.0;
						DevelopmentTeam = 6W926R56AA;
						TestTargetID = 50D16BCA1B88020500435D57;
					};
				};
			};
			buildConfigurationList = 50D16BC61B88020500435D57 /* Build configuration list for PBXProject "ModeTest" */;
			compatibilityVersion = "Xcode 3.2";
			developmentRegion = English;
			hasScannedForEncodings = 0;
			knownRegions = (
				en,
				Base,
			);
			mainGroup = 50D16BC21B88020500435D57;
			productRefGroup = 50D16BCC1B88020500435D57 /* Products */;
			projectDirPath = "";
			projectRoot = "";
			targets = (
				50D16BCA1B88020500435D57 /* ModeTest */,
				50D16BDE1B88020600435D57 /* ModeTestTests */,
				50D16BE91B88020600435D57 /* ModeTestUITests */,
			);
		};
/* End PBXProject section */

/* Begin PBXResourcesBuildPhase section */
		50D16BC91B88020500435D57 /* Resources */ = {
			isa = PBXResourcesBuildPhase;
			buildActionMask = 2147483647;
			files = (
				50D16BD91B88020600435D57 /* LaunchScreen.storyboard in Resources */,
				50D16C011B8808C400435D57 /* mouse.png in Resources */,
				50D16BFD1B88033400435D57 /* lion.png in Resources */,
				50D16BD61B88020600435D57 /* Assets.xcassets in Resources */,
				50D16BD41B88020600435D57 /* Main.storyboard in Resources */,
			);
			runOnlyForDeploymentPostprocessing = 0;
		};
		50D16BDD1B88020600435D57 /* Resources */ = {
			isa = PBXResourcesBuildPhase;
			buildActionMask = 2147483647;
			files = (
			);
			runOnlyForDeploymentPostprocessing = 0;
		};
		50D16BE81B88020600435D57 /* Resources */ = {
			isa = PBXResourcesBuildPhase;
			buildActionMask = 2147483647;
			files = (
			);
			runOnlyForDeploymentPostprocessing = 0;
		};
/* End PBXResourcesBuildPhase section */

/* Begin PBXSourcesBuildPhase section */
		50D16BC71B88020500435D57 /* Sources */ = {
			isa = PBXSourcesBuildPhase;
			buildActionMask = 2147483647;
			files = (
				50D16BD11B88020600435D57 /* ViewController.swift in Sources */,
				50D16BCF1B88020600435D57 /* AppDelegate.swift in Sources */,
			);
			runOnlyForDeploymentPostprocessing = 0;
		};
		50D16BDB1B88020600435D57 /* Sources */ = {
			isa = PBXSourcesBuildPhase;
			buildActionMask = 2147483647;
			files = (
				50D16BE41B88020600435D57 /* ModeTestTests.swift in Sources */,
			);
			runOnlyForDeploymentPostprocessing = 0;
		};
		50D16BE61B88020600435D57 /* Sources */ = {
			isa = PBXSourcesBuildPhase;
			buildActionMask = 2147483647;
			files = (
				50D16BEF1B88020600435D57 /* ModeTestUITests.swift in Sources */,
			);
			runOnlyForDeploymentPostprocessing = 0;
		};
/* End PBXSourcesBuildPhase section */

/* Begin PBXTargetDependency section */
		50D16BE11B88020600435D57 /* PBXTargetDependency */ = {
			isa = PBXTargetDependency;
			target = 50D16BCA1B88020500435D57 /* ModeTest */;
			targetProxy = 50D16BE01B88020600435D57 /* PBXContainerItemProxy */;
		};
		50D16BEC1B88020600435D57 /* PBXTargetDependency */ = {
			isa = PBXTargetDependency;
			target = 50D16BCA1B88020500435D57 /* ModeTest */;
			targetProxy = 50D16BEB1B88020600435D57 /* PBXContainerItemProxy */;
		};
/* End PBXTargetDependency section */

/* Begin PBXVariantGroup section */
		50D16BD21B88020600435D57 /* Main.storyboard */ = {
			isa = PBXVariantGroup;
			children = (
				50D16BD31B88020600435D57 /* Base */,
			);
			name = Main.storyboard;
			sourceTree = "<group>";
		};
		50D16BD71B88020600435D57 /* LaunchScreen.storyboard */ = {
			isa = PBXVariantGroup;
			children = (
				50D16BD81B88020600435D57 /* Base */,
			);
			name = LaunchScreen.storyboard;
			sourceTree = "<group>";
		};
/* End PBXVariantGroup section */

/* Begin XCBuildConfiguration section */
		50D16BF11B88020600435D57 /* Debug */ = {
			isa = XCBuildConfiguration;
			buildSettings = {
				ALWAYS_SEARCH_USER_PATHS = NO;
				CLANG_CXX_LANGUAGE_STANDARD = "gnu++0x";
				CLANG_CXX_LIBRARY = "libc++";
				CLANG_ENABLE_MODULES = YES;
				CLANG_ENABLE_OBJC_ARC = YES;
				CLANG_WARN_BOOL_CONVERSION = YES;
				CLANG_WARN_CONSTANT_CONVERSION = YES;
				CLANG_WARN_DIRECT_OBJC_ISA_USAGE = YES_ERROR;
				CLANG_WARN_EMPTY_BODY = YES;
				CLANG_WARN_ENUM_CONVERSION = YES;
				CLANG_WARN_INT_CONVERSION = YES;
				CLANG_WARN_OBJC_ROOT_CLASS = YES_ERROR;
				CLANG_WARN_UNREACHABLE_CODE = YES;
				CLANG_WARN__DUPLICATE_METHOD_MATCH = YES;
				"CODE_SIGN_IDENTITY[sdk=iphoneos*]" = "iPhone Developer";
				COPY_PHASE_STRIP = NO;
				DEBUG_INFORMATION_FORMAT = dwarf;
				ENABLE_STRICT_OBJC_MSGSEND = YES;
				ENABLE_TESTABILITY = YES;
				GCC_C_LANGUAGE_STANDARD = gnu99;
				GCC_DYNAMIC_NO_PIC = NO;
				GCC_NO_COMMON_BLOCKS = YES;
				GCC_OPTIMIZATION_LEVEL = 0;
				GCC_PREPROCESSOR_DEFINITIONS = (
					"DEBUG=1",
					"$(inherited)",
				);
				GCC_WARN_64_TO_32_BIT_CONVERSION = YES;
				GCC_WARN_ABOUT_RETURN_TYPE = YES_ERROR;
				GCC_WARN_UNDECLARED_SELECTOR = YES;
				GCC_WARN_UNINITIALIZED_AUTOS = YES_AGGRESSIVE;
				GCC_WARN_UNUSED_FUNCTION = YES;
				GCC_WARN_UNUSED_VARIABLE = YES;
				IPHONEOS_DEPLOYMENT_TARGET = 9.0;
				MTL_ENABLE_DEBUG_INFO = YES;
				ONLY_ACTIVE_ARCH = YES;
				SDKROOT = iphoneos;
				SWIFT_OPTIMIZATION_LEVEL = "-Onone";
				TARGETED_DEVICE_FAMILY = "1,2";
			};
			name = Debug;
		};
		50D16BF21B88020600435D57 /* Release */ = {
			isa = XCBuildConfiguration;
			buildSettings = {
				ALWAYS_SEARCH_USER_PATHS = NO;
				CLANG_CXX_LANGUAGE_STANDARD = "gnu++0x";
				CLANG_CXX_LIBRARY = "libc++";
				CLANG_ENABLE_MODULES = YES;
				CLANG_ENABLE_OBJC_ARC = YES;
				CLANG_WARN_BOOL_CONVERSION = YES;
				CLANG_WARN_CONSTANT_CONVERSION = YES;
				CLANG_WARN_DIRECT_OBJC_ISA_USAGE = YES_ERROR;
				CLANG_WARN_EMPTY_BODY = YES;
				CLANG_WARN_ENUM_CONVERSION = YES;
				CLANG_WARN_INT_CONVERSION = YES;
				CLANG_WARN_OBJC_ROOT_CLASS = YES_ERROR;
				CLANG_WARN_UNREACHABLE_CODE = YES;
				CLANG_WARN__DUPLICATE_METHOD_MATCH = YES;
				"CODE_SIGN_IDENTITY[sdk=iphoneos*]" = "iPhone Developer";
				COPY_PHASE_STRIP = NO;
				DEBUG_INFORMATION_FORMAT = "dwarf-with-dsym";
				ENABLE_NS_ASSERTIONS = NO;
				ENABLE_STRICT_OBJC_MSGSEND = YES;
				GCC_C_LANGUAGE_STANDARD = gnu99;
				GCC_NO_COMMON_BLOCKS = YES;
				GCC_WARN_64_TO_32_BIT_CONVERSION = YES;
				GCC_WARN_ABOUT_RETURN_TYPE = YES_ERROR;
				GCC_WARN_UNDECLARED_SELECTOR = YES;
				GCC_WARN_UNINITIALIZED_AUTOS = YES_AGGRESSIVE;
				GCC_WARN_UNUSED_FUNCTION = YES;
				GCC_WARN_UNUSED_VARIABLE = YES;
				IPHONEOS_DEPLOYMENT_TARGET = 9.0;
				MTL_ENABLE_DEBUG_INFO = NO;
				SDKROOT = iphoneos;
				TARGETED_DEVICE_FAMILY = "1,2";
				VALIDATE_PRODUCT = YES;
			};
			name = Release;
		};
		50D16BF41B88020600435D57 /* Debug */ = {
			isa = XCBuildConfiguration;
			buildSettings = {
				ASSETCATALOG_COMPILER_APPICON_NAME = AppIcon;
				INFOPLIST_FILE = ModeTest/Info.plist;
				LD_RUNPATH_SEARCH_PATHS = "$(inherited) @executable_path/Frameworks";
				PRODUCT_BUNDLE_IDENTIFIER = Suragch.ModeTest;
				PRODUCT_NAME = "$(TARGET_NAME)";
			};
			name = Debug;
		};
		50D16BF51B88020600435D57 /* Release */ = {
			isa = XCBuildConfiguration;
			buildSettings = {
				ASSETCATALOG_COMPILER_APPICON_NAME = AppIcon;
				INFOPLIST_FILE = ModeTest/Info.plist;
				LD_RUNPATH_SEARCH_PATHS = "$(inherited) @executable_path/Frameworks";
				PRODUCT_BUNDLE_IDENTIFIER = Suragch.ModeTest;
				PRODUCT_NAME = "$(TARGET_NAME)";
			};
			name = Release;
		};
		50D16BF71B88020600435D57 /* Debug */ = {
			isa = XCBuildConfiguration;
			buildSettings = {
				BUNDLE_LOADER = "$(TEST_HOST)";
				INFOPLIST_FILE = ModeTestTests/Info.plist;
				LD_RUNPATH_SEARCH_PATHS = "$(inherited) @executable_path/Frameworks @loader_path/Frameworks";
				PRODUCT_BUNDLE_IDENTIFIER = Suragch.ModeTestTests;
				PRODUCT_NAME = "$(TARGET_NAME)";
				TEST_HOST = "$(BUILT_PRODUCTS_DIR)/ModeTest.app/ModeTest";
			};
			name = Debug;
		};
		50D16BF81B88020600435D57 /* Release */ = {
			isa = XCBuildConfiguration;
			buildSettings = {
				BUNDLE_LOADER = "$(TEST_HOST)";
				INFOPLIST_FILE = ModeTestTests/Info.plist;
				LD_RUNPATH_SEARCH_PATHS = "$(inherited) @executable_path/Frameworks @loader_path/Frameworks";
				PRODUCT_BUNDLE_IDENTIFIER = Suragch.ModeTestTests;
				PRODUCT_NAME = "$(TARGET_NAME)";
				TEST_HOST = "$(BUILT_PRODUCTS_DIR)/ModeTest.app/ModeTest";
			};
			name = Release;
		};
		50D16BFA1B88020600435D57 /* Debug */ = {
			isa = XCBuildConfiguration;
			buildSettings = {
				INFOPLIST_FILE = ModeTestUITests/Info.plist;
				LD_RUNPATH_SEARCH_PATHS = "$(inherited) @executable_path/Frameworks @loader_path/Frameworks";
				PRODUCT_BUNDLE_IDENTIFIER = Suragch.ModeTestUITests;
				PRODUCT_NAME = "$(TARGET_NAME)";
				TEST_TARGET_NAME = ModeTest;
				USES_XCTRUNNER = YES;
			};
			name = Debug;
		};
		50D16BFB1B88020600435D57 /* Release */ = {
			isa = XCBuildConfiguration;
			buildSettings = {
				INFOPLIST_FILE = ModeTestUITests/Info.plist;
				LD_RUNPATH_SEARCH_PATHS = "$(inherited) @executable_path/Frameworks @loader_path/Frameworks";
				PRODUCT_BUNDLE_IDENTIFIER = Suragch.ModeTestUITests;
				PRODUCT_NAME = "$(TARGET_NAME)";
				TEST_TARGET_NAME = ModeTest;
				USES_XCTRUNNER = YES;
			};
			name = Release;
		};
/* End XCBuildConfiguration section */

/* Begin XCConfigurationList section */
		50D16BC61B88020500435D57 /* Build configuration list for PBXProject "ModeTest" */ = {
			isa = XCConfigurationList;
			buildConfigurations = (
				50D16BF11B88020600435D57 /* Debug */,
				50D16BF21B88020600435D57 /* Release */,
			);
			defaultConfigurationIsVisible = 0;
			defaultConfigurationName = Release;
		};
		50D16BF31B88020600435D57 /* Build configuration list for PBXNativeTarget "ModeTest" */ = {
			isa = XCConfigurationList;
			buildConfigurations = (
				50D16BF41B88020600435D57 /* Debug */,
				50D16BF51B88020600435D57 /* Release */,
			);
			defaultConfigurationIsVisible = 0;
		};
		50D16BF61B88020600435D57 /* Build configuration list for PBXNativeTarget "ModeTestTests" */ = {
			isa = XCConfigurationList;
			buildConfigurations = (
				50D16BF71B88020600435D57 /* Debug */,
				50D16BF81B88020600435D57 /* Release */,
			);
			defaultConfigurationIsVisible = 0;
		};
		50D16BF91B88020600435D57 /* Build configuration list for PBXNativeTarget "ModeTestUITests" */ = {
			isa = XCConfigurationList;
			buildConfigurations = (
				50D16BFA1B88020600435D57 /* Debug */,
				50D16BFB1B88020600435D57 /* Release */,
			);
			defaultConfigurationIsVisible = 0;
		};
/* End XCConfigurationList section */
	};
	rootObject = 50D16BC31B88020500435D57 /* Project object */;
}
