// !$*UTF8*$!
{
	archiveVersion = 1;
	classes = {
	};
	objectVersion = 46;
	objects = {

/* Begin PBXBuildFile section */
		506B90271B968DD900D10F72 /* AppDelegate.swift in Sources */ = {isa = PBXBuildFile; fileRef = 506B90261B968DD900D10F72 /* AppDelegate.swift */; };
		506B90291B968DD900D10F72 /* ViewController.swift in Sources */ = {isa = PBXBuildFile; fileRef = 506B90281B968DD900D10F72 /* ViewController.swift */; };
		506B902C1B968DD900D10F72 /* Main.storyboard in Resources */ = {isa = PBXBuildFile; fileRef = 506B902A1B968DD900D10F72 /* Main.storyboard */; };
		506B902E1B968DD900D10F72 /* Assets.xcassets in Resources */ = {isa = PBXBuildFile; fileRef = 506B902D1B968DD900D10F72 /* Assets.xcassets */; };
		506B90311B968DD900D10F72 /* LaunchScreen.storyboard in Resources */ = {isa = PBXBuildFile; fileRef = 506B902F1B968DD900D10F72 /* LaunchScreen.storyboard */; };
		506B903C1B968DD900D10F72 /* AlertsTests.swift in Sources */ = {isa = PBXBuildFile; fileRef = 506B903B1B968DD900D10F72 /* AlertsTests.swift */; };
		506B90471B968DD900D10F72 /* AlertsUITests.swift in Sources */ = {isa = PBXBuildFile; fileRef = 506B90461B968DD900D10F72 /* AlertsUITests.swift */; };
		506B90591B96CB2B00D10F72 /* MongolAlertViewController.swift in Sources */ = {isa = PBXBuildFile; fileRef = 506B90581B96CB2B00D10F72 /* MongolAlertViewController.swift */; };
/* End PBXBuildFile section */

/* Begin PBXContainerItemProxy section */
		506B90381B968DD900D10F72 /* PBXContainerItemProxy */ = {
			isa = PBXContainerItemProxy;
			containerPortal = 506B901B1B968DD900D10F72 /* Project object */;
			proxyType = 1;
			remoteGlobalIDString = 506B90221B968DD900D10F72;
			remoteInfo = Alerts;
		};
		506B90431B968DD900D10F72 /* PBXContainerItemProxy */ = {
			isa = PBXContainerItemProxy;
			containerPortal = 506B901B1B968DD900D10F72 /* Project object */;
			proxyType = 1;
			remoteGlobalIDString = 506B90221B968DD900D10F72;
			remoteInfo = Alerts;
		};
/* End PBXContainerItemProxy section */

/* Begin PBXFileReference section */
		506B90231B968DD900D10F72 /* Alerts.app */ = {isa = PBXFileReference; explicitFileType = wrapper.application; includeInIndex = 0; path = Alerts.app; sourceTree = BUILT_PRODUCTS_DIR; };
		506B90261B968DD900D10F72 /* AppDelegate.swift */ = {isa = PBXFileReference; lastKnownFileType = sourcecode.swift; path = AppDelegate.swift; sourceTree = "<group>"; };
		506B90281B968DD900D10F72 /* ViewController.swift */ = {isa = PBXFileReference; lastKnownFileType = sourcecode.swift; path = ViewController.swift; sourceTree = "<group>"; };
		506B902B1B968DD900D10F72 /* Base */ = {isa = PBXFileReference; lastKnownFileType = file.storyboard; name = Base; path = Base.lproj/Main.storyboard; sourceTree = "<group>"; };
		506B902D1B968DD900D10F72 /* Assets.xcassets */ = {isa = PBXFileReference; lastKnownFileType = folder.assetcatalog; path = Assets.xcassets; sourceTree = "<group>"; };
		506B90301B968DD900D10F72 /* Base */ = {isa = PBXFileReference; lastKnownFileType = file.storyboard; name = Base; path = Base.lproj/LaunchScreen.storyboard; sourceTree = "<group>"; };
		506B90321B968DD900D10F72 /* Info.plist */ = {isa = PBXFileReference; lastKnownFileType = text.plist.xml; path = Info.plist; sourceTree = "<group>"; };
		506B90371B968DD900D10F72 /* AlertsTests.xctest */ = {isa = PBXFileReference; explicitFileType = wrapper.cfbundle; includeInIndex = 0; path = AlertsTests.xctest; sourceTree = BUILT_PRODUCTS_DIR; };
		506B903B1B968DD900D10F72 /* AlertsTests.swift */ = {isa = PBXFileReference; lastKnownFileType = sourcecode.swift; path = AlertsTests.swift; sourceTree = "<group>"; };
		506B903D1B968DD900D10F72 /* Info.plist */ = {isa = PBXFileReference; lastKnownFileType = text.plist.xml; path = Info.plist; sourceTree = "<group>"; };
		506B90421B968DD900D10F72 /* AlertsUITests.xctest */ = {isa = PBXFileReference; explicitFileType = wrapper.cfbundle; includeInIndex = 0; path = AlertsUITests.xctest; sourceTree = BUILT_PRODUCTS_DIR; };
		506B90461B968DD900D10F72 /* AlertsUITests.swift */ = {isa = PBXFileReference; lastKnownFileType = sourcecode.swift; path = AlertsUITests.swift; sourceTree = "<group>"; };
		506B90481B968DD900D10F72 /* Info.plist */ = {isa = PBXFileReference; lastKnownFileType = text.plist.xml; path = Info.plist; sourceTree = "<group>"; };
		506B90581B96CB2B00D10F72 /* MongolAlertViewController.swift */ = {isa = PBXFileReference; fileEncoding = 4; lastKnownFileType = sourcecode.swift; path = MongolAlertViewController.swift; sourceTree = "<group>"; };
/* End PBXFileReference section */

/* Begin PBXFrameworksBuildPhase section */
		506B90201B968DD900D10F72 /* Frameworks */ = {
			isa = PBXFrameworksBuildPhase;
			buildActionMask = 2147483647;
			files = (
			);
			runOnlyForDeploymentPostprocessing = 0;
		};
		506B90341B968DD900D10F72 /* Frameworks */ = {
			isa = PBXFrameworksBuildPhase;
			buildActionMask = 2147483647;
			files = (
			);
			runOnlyForDeploymentPostprocessing = 0;
		};
		506B903F1B968DD900D10F72 /* Frameworks */ = {
			isa = PBXFrameworksBuildPhase;
			buildActionMask = 2147483647;
			files = (
			);
			runOnlyForDeploymentPostprocessing = 0;
		};
/* End PBXFrameworksBuildPhase section */

/* Begin PBXGroup section */
		506B901A1B968DD900D10F72 = {
			isa = PBXGroup;
			children = (
				506B90251B968DD900D10F72 /* Alerts */,
				506B903A1B968DD900D10F72 /* AlertsTests */,
				506B90451B968DD900D10F72 /* AlertsUITests */,
				506B90241B968DD900D10F72 /* Products */,
			);
			sourceTree = "<group>";
		};
		506B90241B968DD900D10F72 /* Products */ = {
			isa = PBXGroup;
			children = (
				506B90231B968DD900D10F72 /* Alerts.app */,
				506B90371B968DD900D10F72 /* AlertsTests.xctest */,
				506B90421B968DD900D10F72 /* AlertsUITests.xctest */,
			);
			name = Products;
			sourceTree = "<group>";
		};
		506B90251B968DD900D10F72 /* Alerts */ = {
			isa = PBXGroup;
			children = (
				506B90261B968DD900D10F72 /* AppDelegate.swift */,
				506B90281B968DD900D10F72 /* ViewController.swift */,
				506B90581B96CB2B00D10F72 /* MongolAlertViewController.swift */,
				506B902A1B968DD900D10F72 /* Main.storyboard */,
				506B902D1B968DD900D10F72 /* Assets.xcassets */,
				506B902F1B968DD900D10F72 /* LaunchScreen.storyboard */,
				506B90321B968DD900D10F72 /* Info.plist */,
			);
			path = Alerts;
			sourceTree = "<group>";
		};
		506B903A1B968DD900D10F72 /* AlertsTests */ = {
			isa = PBXGroup;
			children = (
				506B903B1B968DD900D10F72 /* AlertsTests.swift */,
				506B903D1B968DD900D10F72 /* Info.plist */,
			);
			path = AlertsTests;
			sourceTree = "<group>";
		};
		506B90451B968DD900D10F72 /* AlertsUITests */ = {
			isa = PBXGroup;
			children = (
				506B90461B968DD900D10F72 /* AlertsUITests.swift */,
				506B90481B968DD900D10F72 /* Info.plist */,
			);
			path = AlertsUITests;
			sourceTree = "<group>";
		};
/* End PBXGroup section */

/* Begin PBXNativeTarget section */
		506B90221B968DD900D10F72 /* Alerts */ = {
			isa = PBXNativeTarget;
			buildConfigurationList = 506B904B1B968DD900D10F72 /* Build configuration list for PBXNativeTarget "Alerts" */;
			buildPhases = (
				506B901F1B968DD900D10F72 /* Sources */,
				506B90201B968DD900D10F72 /* Frameworks */,
				506B90211B968DD900D10F72 /* Resources */,
			);
			buildRules = (
			);
			dependencies = (
			);
			name = Alerts;
			productName = Alerts;
			productReference = 506B90231B968DD900D10F72 /* Alerts.app */;
			productType = "com.apple.product-type.application";
		};
		506B90361B968DD900D10F72 /* AlertsTests */ = {
			isa = PBXNativeTarget;
			buildConfigurationList = 506B904E1B968DD900D10F72 /* Build configuration list for PBXNativeTarget "AlertsTests" */;
			buildPhases = (
				506B90331B968DD900D10F72 /* Sources */,
				506B90341B968DD900D10F72 /* Frameworks */,
				506B90351B968DD900D10F72 /* Resources */,
			);
			buildRules = (
			);
			dependencies = (
				506B90391B968DD900D10F72 /* PBXTargetDependency */,
			);
			name = AlertsTests;
			productName = AlertsTests;
			productReference = 506B90371B968DD900D10F72 /* AlertsTests.xctest */;
			productType = "com.apple.product-type.bundle.unit-test";
		};
		506B90411B968DD900D10F72 /* AlertsUITests */ = {
			isa = PBXNativeTarget;
			buildConfigurationList = 506B90511B968DD900D10F72 /* Build configuration list for PBXNativeTarget "AlertsUITests" */;
			buildPhases = (
				506B903E1B968DD900D10F72 /* Sources */,
				506B903F1B968DD900D10F72 /* Frameworks */,
				506B90401B968DD900D10F72 /* Resources */,
			);
			buildRules = (
			);
			dependencies = (
				506B90441B968DD900D10F72 /* PBXTargetDependency */,
			);
			name = AlertsUITests;
			productName = AlertsUITests;
			productReference = 506B90421B968DD900D10F72 /* AlertsUITests.xctest */;
			productType = "com.apple.product-type.bundle.ui-testing";
		};
/* End PBXNativeTarget section */

/* Begin PBXProject section */
		506B901B1B968DD900D10F72 /* Project object */ = {
			isa = PBXProject;
			attributes = {
				LastUpgradeCheck = 0700;
				ORGANIZATIONNAME = Suragch;
				TargetAttributes = {
					506B90221B968DD900D10F72 = {
						CreatedOnToolsVersion = 7.0;
						DevelopmentTeam = 6W926R56AA;
					};
					506B90361B968DD900D10F72 = {
						CreatedOnToolsVersion = 7.0;
						DevelopmentTeam = 6W926R56AA;
						TestTargetID = 506B90221B968DD900D10F72;
					};
					506B90411B968DD900D10F72 = {
						CreatedOnToolsVersion = 7.0;
						DevelopmentTeam = 6W926R56AA;
						TestTargetID = 506B90221B968DD900D10F72;
					};
				};
			};
			buildConfigurationList = 506B901E1B968DD900D10F72 /* Build configuration list for PBXProject "Alerts" */;
			compatibilityVersion = "Xcode 3.2";
			developmentRegion = English;
			hasScannedForEncodings = 0;
			knownRegions = (
				en,
				Base,
			);
			mainGroup = 506B901A1B968DD900D10F72;
			productRefGroup = 506B90241B968DD900D10F72 /* Products */;
			projectDirPath = "";
			projectRoot = "";
			targets = (
				506B90221B968DD900D10F72 /* Alerts */,
				506B90361B968DD900D10F72 /* AlertsTests */,
				506B90411B968DD900D10F72 /* AlertsUITests */,
			);
		};
/* End PBXProject section */

/* Begin PBXResourcesBuildPhase section */
		506B90211B968DD900D10F72 /* Resources */ = {
			isa = PBXResourcesBuildPhase;
			buildActionMask = 2147483647;
			files = (
				506B90311B968DD900D10F72 /* LaunchScreen.storyboard in Resources */,
				506B902E1B968DD900D10F72 /* Assets.xcassets in Resources */,
				506B902C1B968DD900D10F72 /* Main.storyboard in Resources */,
			);
			runOnlyForDeploymentPostprocessing = 0;
		};
		506B90351B968DD900D10F72 /* Resources */ = {
			isa = PBXResourcesBuildPhase;
			buildActionMask = 2147483647;
			files = (
			);
			runOnlyForDeploymentPostprocessing = 0;
		};
		506B90401B968DD900D10F72 /* Resources */ = {
			isa = PBXResourcesBuildPhase;
			buildActionMask = 2147483647;
			files = (
			);
			runOnlyForDeploymentPostprocessing = 0;
		};
/* End PBXResourcesBuildPhase section */

/* Begin PBXSourcesBuildPhase section */
		506B901F1B968DD900D10F72 /* Sources */ = {
			isa = PBXSourcesBuildPhase;
			buildActionMask = 2147483647;
			files = (
				506B90291B968DD900D10F72 /* ViewController.swift in Sources */,
				506B90591B96CB2B00D10F72 /* MongolAlertViewController.swift in Sources */,
				506B90271B968DD900D10F72 /* AppDelegate.swift in Sources */,
			);
			runOnlyForDeploymentPostprocessing = 0;
		};
		506B90331B968DD900D10F72 /* Sources */ = {
			isa = PBXSourcesBuildPhase;
			buildActionMask = 2147483647;
			files = (
				506B903C1B968DD900D10F72 /* AlertsTests.swift in Sources */,
			);
			runOnlyForDeploymentPostprocessing = 0;
		};
		506B903E1B968DD900D10F72 /* Sources */ = {
			isa = PBXSourcesBuildPhase;
			buildActionMask = 2147483647;
			files = (
				506B90471B968DD900D10F72 /* AlertsUITests.swift in Sources */,
			);
			runOnlyForDeploymentPostprocessing = 0;
		};
/* End PBXSourcesBuildPhase section */

/* Begin PBXTargetDependency section */
		506B90391B968DD900D10F72 /* PBXTargetDependency */ = {
			isa = PBXTargetDependency;
			target = 506B90221B968DD900D10F72 /* Alerts */;
			targetProxy = 506B90381B968DD900D10F72 /* PBXContainerItemProxy */;
		};
		506B90441B968DD900D10F72 /* PBXTargetDependency */ = {
			isa = PBXTargetDependency;
			target = 506B90221B968DD900D10F72 /* Alerts */;
			targetProxy = 506B90431B968DD900D10F72 /* PBXContainerItemProxy */;
		};
/* End PBXTargetDependency section */

/* Begin PBXVariantGroup section */
		506B902A1B968DD900D10F72 /* Main.storyboard */ = {
			isa = PBXVariantGroup;
			children = (
				506B902B1B968DD900D10F72 /* Base */,
			);
			name = Main.storyboard;
			sourceTree = "<group>";
		};
		506B902F1B968DD900D10F72 /* LaunchScreen.storyboard */ = {
			isa = PBXVariantGroup;
			children = (
				506B90301B968DD900D10F72 /* Base */,
			);
			name = LaunchScreen.storyboard;
			sourceTree = "<group>";
		};
/* End PBXVariantGroup section */

/* Begin XCBuildConfiguration section */
		506B90491B968DD900D10F72 /* Debug */ = {
			isa = XCBuildConfiguration;
			buildSettings = {
				ALWAYS_SEARCH_USER_PATHS = NO;
				CLANG_CXX_LANGUAGE_STANDARD = "gnu++0x";
				CLANG_CXX_LIBRARY = "libc++";
				CLANG_ENABLE_MODULES = YES;
				CLANG_ENABLE_OBJC_ARC = YES;
				CLANG_WARN_BOOL_CONVERSION = YES;
				CLANG_WARN_CONSTANT_CONVERSION = YES;
				CLANG_WARN_DIRECT_OBJC_ISA_USAGE = YES_ERROR;
				CLANG_WARN_EMPTY_BODY = YES;
				CLANG_WARN_ENUM_CONVERSION = YES;
				CLANG_WARN_INT_CONVERSION = YES;
				CLANG_WARN_OBJC_ROOT_CLASS = YES_ERROR;
				CLANG_WARN_UNREACHABLE_CODE = YES;
				CLANG_WARN__DUPLICATE_METHOD_MATCH = YES;
				"CODE_SIGN_IDENTITY[sdk=iphoneos*]" = "iPhone Developer";
				COPY_PHASE_STRIP = NO;
				DEBUG_INFORMATION_FORMAT = dwarf;
				ENABLE_STRICT_OBJC_MSGSEND = YES;
				ENABLE_TESTABILITY = YES;
				GCC_C_LANGUAGE_STANDARD = gnu99;
				GCC_DYNAMIC_NO_PIC = NO;
				GCC_NO_COMMON_BLOCKS = YES;
				GCC_OPTIMIZATION_LEVEL = 0;
				GCC_PREPROCESSOR_DEFINITIONS = (
					"DEBUG=1",
					"$(inherited)",
				);
				GCC_WARN_64_TO_32_BIT_CONVERSION = YES;
				GCC_WARN_ABOUT_RETURN_TYPE = YES_ERROR;
				GCC_WARN_UNDECLARED_SELECTOR = YES;
				GCC_WARN_UNINITIALIZED_AUTOS = YES_AGGRESSIVE;
				GCC_WARN_UNUSED_FUNCTION = YES;
				GCC_WARN_UNUSED_VARIABLE = YES;
				IPHONEOS_DEPLOYMENT_TARGET = 9.0;
				MTL_ENABLE_DEBUG_INFO = YES;
				ONLY_ACTIVE_ARCH = YES;
				SDKROOT = iphoneos;
				SWIFT_OPTIMIZATION_LEVEL = "-Onone";
				TARGETED_DEVICE_FAMILY = "1,2";
			};
			name = Debug;
		};
		506B904A1B968DD900D10F72 /* Release */ = {
			isa = XCBuildConfiguration;
			buildSettings = {
				ALWAYS_SEARCH_USER_PATHS = NO;
				CLANG_CXX_LANGUAGE_STANDARD = "gnu++0x";
				CLANG_CXX_LIBRARY = "libc++";
				CLANG_ENABLE_MODULES = YES;
				CLANG_ENABLE_OBJC_ARC = YES;
				CLANG_WARN_BOOL_CONVERSION = YES;
				CLANG_WARN_CONSTANT_CONVERSION = YES;
				CLANG_WARN_DIRECT_OBJC_ISA_USAGE = YES_ERROR;
				CLANG_WARN_EMPTY_BODY = YES;
				CLANG_WARN_ENUM_CONVERSION = YES;
				CLANG_WARN_INT_CONVERSION = YES;
				CLANG_WARN_OBJC_ROOT_CLASS = YES_ERROR;
				CLANG_WARN_UNREACHABLE_CODE = YES;
				CLANG_WARN__DUPLICATE_METHOD_MATCH = YES;
				"CODE_SIGN_IDENTITY[sdk=iphoneos*]" = "iPhone Developer";
				COPY_PHASE_STRIP = NO;
				DEBUG_INFORMATION_FORMAT = "dwarf-with-dsym";
				ENABLE_NS_ASSERTIONS = NO;
				ENABLE_STRICT_OBJC_MSGSEND = YES;
				GCC_C_LANGUAGE_STANDARD = gnu99;
				GCC_NO_COMMON_BLOCKS = YES;
				GCC_WARN_64_TO_32_BIT_CONVERSION = YES;
				GCC_WARN_ABOUT_RETURN_TYPE = YES_ERROR;
				GCC_WARN_UNDECLARED_SELECTOR = YES;
				GCC_WARN_UNINITIALIZED_AUTOS = YES_AGGRESSIVE;
				GCC_WARN_UNUSED_FUNCTION = YES;
				GCC_WARN_UNUSED_VARIABLE = YES;
				IPHONEOS_DEPLOYMENT_TARGET = 9.0;
				MTL_ENABLE_DEBUG_INFO = NO;
				SDKROOT = iphoneos;
				TARGETED_DEVICE_FAMILY = "1,2";
				VALIDATE_PRODUCT = YES;
			};
			name = Release;
		};
		506B904C1B968DD900D10F72 /* Debug */ = {
			isa = XCBuildConfiguration;
			buildSettings = {
				ASSETCATALOG_COMPILER_APPICON_NAME = AppIcon;
				INFOPLIST_FILE = Alerts/Info.plist;
				LD_RUNPATH_SEARCH_PATHS = "$(inherited) @executable_path/Frameworks";
				PRODUCT_BUNDLE_IDENTIFIER = Suragch.Alerts;
				PRODUCT_NAME = "$(TARGET_NAME)";
			};
			name = Debug;
		};
		506B904D1B968DD900D10F72 /* Release */ = {
			isa = XCBuildConfiguration;
			buildSettings = {
				ASSETCATALOG_COMPILER_APPICON_NAME = AppIcon;
				INFOPLIST_FILE = Alerts/Info.plist;
				LD_RUNPATH_SEARCH_PATHS = "$(inherited) @executable_path/Frameworks";
				PRODUCT_BUNDLE_IDENTIFIER = Suragch.Alerts;
				PRODUCT_NAME = "$(TARGET_NAME)";
			};
			name = Release;
		};
		506B904F1B968DD900D10F72 /* Debug */ = {
			isa = XCBuildConfiguration;
			buildSettings = {
				BUNDLE_LOADER = "$(TEST_HOST)";
				INFOPLIST_FILE = AlertsTests/Info.plist;
				LD_RUNPATH_SEARCH_PATHS = "$(inherited) @executable_path/Frameworks @loader_path/Frameworks";
				PRODUCT_BUNDLE_IDENTIFIER = Suragch.AlertsTests;
				PRODUCT_NAME = "$(TARGET_NAME)";
				TEST_HOST = "$(BUILT_PRODUCTS_DIR)/Alerts.app/Alerts";
			};
			name = Debug;
		};
		506B90501B968DD900D10F72 /* Release */ = {
			isa = XCBuildConfiguration;
			buildSettings = {
				BUNDLE_LOADER = "$(TEST_HOST)";
				INFOPLIST_FILE = AlertsTests/Info.plist;
				LD_RUNPATH_SEARCH_PATHS = "$(inherited) @executable_path/Frameworks @loader_path/Frameworks";
				PRODUCT_BUNDLE_IDENTIFIER = Suragch.AlertsTests;
				PRODUCT_NAME = "$(TARGET_NAME)";
				TEST_HOST = "$(BUILT_PRODUCTS_DIR)/Alerts.app/Alerts";
			};
			name = Release;
		};
		506B90521B968DD900D10F72 /* Debug */ = {
			isa = XCBuildConfiguration;
			buildSettings = {
				INFOPLIST_FILE = AlertsUITests/Info.plist;
				LD_RUNPATH_SEARCH_PATHS = "$(inherited) @executable_path/Frameworks @loader_path/Frameworks";
				PRODUCT_BUNDLE_IDENTIFIER = Suragch.AlertsUITests;
				PRODUCT_NAME = "$(TARGET_NAME)";
				TEST_TARGET_NAME = Alerts;
				USES_XCTRUNNER = YES;
			};
			name = Debug;
		};
		506B90531B968DD900D10F72 /* Release */ = {
			isa = XCBuildConfiguration;
			buildSettings = {
				INFOPLIST_FILE = AlertsUITests/Info.plist;
				LD_RUNPATH_SEARCH_PATHS = "$(inherited) @executable_path/Frameworks @loader_path/Frameworks";
				PRODUCT_BUNDLE_IDENTIFIER = Suragch.AlertsUITests;
				PRODUCT_NAME = "$(TARGET_NAME)";
				TEST_TARGET_NAME = Alerts;
				USES_XCTRUNNER = YES;
			};
			name = Release;
		};
/* End XCBuildConfiguration section */

/* Begin XCConfigurationList section */
		506B901E1B968DD900D10F72 /* Build configuration list for PBXProject "Alerts" */ = {
			isa = XCConfigurationList;
			buildConfigurations = (
				506B90491B968DD900D10F72 /* Debug */,
				506B904A1B968DD900D10F72 /* Release */,
			);
			defaultConfigurationIsVisible = 0;
			defaultConfigurationName = Release;
		};
		506B904B1B968DD900D10F72 /* Build configuration list for PBXNativeTarget "Alerts" */ = {
			isa = XCConfigurationList;
			buildConfigurations = (
				506B904C1B968DD900D10F72 /* Debug */,
				506B904D1B968DD900D10F72 /* Release */,
			);
			defaultConfigurationIsVisible = 0;
		};
		506B904E1B968DD900D10F72 /* Build configuration list for PBXNativeTarget "AlertsTests" */ = {
			isa = XCConfigurationList;
			buildConfigurations = (
				506B904F1B968DD900D10F72 /* Debug */,
				506B90501B968DD900D10F72 /* Release */,
			);
			defaultConfigurationIsVisible = 0;
		};
		506B90511B968DD900D10F72 /* Build configuration list for PBXNativeTarget "AlertsUITests" */ = {
			isa = XCConfigurationList;
			buildConfigurations = (
				506B90521B968DD900D10F72 /* Debug */,
				506B90531B968DD900D10F72 /* Release */,
			);
			defaultConfigurationIsVisible = 0;
		};
/* End XCConfigurationList section */
	};
	rootObject = 506B901B1B968DD900D10F72 /* Project object */;
}
